
Microsoft Visual Studio Solution File, Format Version 12.00
# Visual Studio 15
VisualStudioVersion = 15.0.27004.2006
MinimumVisualStudioVersion = 10.0.40219.1
Project("{FAE04EC0-301F-11D3-BF4B-00C04F79EFBC}") = "Iter1DeliveryBot", "Iter1DeliveryBot\Iter1DeliveryBot.csproj", "{EAA7B7DF-C571-400E-97E3-CBB810D8274B}"
EndProject
Global
	GlobalSection(SolutionConfigurationPlatforms) = preSolution
		Debug|Any CPU = Debug|Any CPU
		Release|Any CPU = Release|Any CPU
	EndGlobalSection
	GlobalSection(ProjectConfigurationPlatforms) = postSolution
		{EAA7B7DF-C571-400E-97E3-CBB810D8274B}.Debug|Any CPU.ActiveCfg = Debug|Any CPU
		{EAA7B7DF-C571-400E-97E3-CBB810D8274B}.Debug|Any CPU.Build.0 = Debug|Any CPU
		{EAA7B7DF-C571-400E-97E3-CBB810D8274B}.Release|Any CPU.ActiveCfg = Release|Any CPU
		{EAA7B7DF-C571-400E-97E3-CBB810D8274B}.Release|Any CPU.Build.0 = Release|Any CPU
	EndGlobalSection
	GlobalSection(SolutionProperties) = preSolution
		HideSolutionNode = FALSE
	EndGlobalSection
	GlobalSection(ExtensibilityGlobals) = postSolution
		SolutionGuid = {78919F8A-0F2F-4FB7-BCFF-6C9F9B7ACD3D}
	EndGlobalSection
EndGlobal
